
Microsoft Visual Studio Solution File, Format Version 12.00
# Visual Studio Version 17
VisualStudioVersion = 17.7.34031.279
MinimumVisualStudioVersion = 10.0.40219.1
Project("{8BC9CEB8-8B4A-11D0-8D11-00A0C91BC942}") = "SE_lab19", "SE_lab19\SE_lab19.vcxproj", "{7E772BBF-C26A-4B36-A8C5-280BCF624761}"
EndProject
Project("{8BC9CEB8-8B4A-11D0-8D11-00A0C91BC942}") = "SE_asm01a", "SE_asm01a\SE_asm01a.vcxproj", "{AB5A2130-4C4E-4C63-A947-D97BC3D3B67B}"
EndProject
Project("{8BC9CEB8-8B4A-11D0-8D11-00A0C91BC942}") = "SE_asm01b", "SE_asm01b\SE_asm01b.vcxproj", "{F0250190-DC17-4D5B-B901-468320401A7A}"
EndProject
Project("{8BC9CEB8-8B4A-11D0-8D11-00A0C91BC942}") = "SE_asm01c", "SE_asm01c\SE_asm01c.vcxproj", "{B386A279-C8CD-442D-B5CE-A8FC22180A35}"
EndProject
Project("{8BC9CEB8-8B4A-11D0-8D11-00A0C91BC942}") = "SE_asm01d", "SE_asm01d\SE_asm01d.vcxproj", "{5277A362-A52C-4245-A97A-97AD94730409}"
EndProject
Project("{8BC9CEB8-8B4A-11D0-8D11-00A0C91BC942}") = "SE_asm01e", "SE_asm01e\SE_asm01e.vcxproj", "{95F190ED-DB82-4B69-A89D-6C46EF0D4F56}"
EndProject
Global
	GlobalSection(SolutionConfigurationPlatforms) = preSolution
		Debug|x64 = Debug|x64
		Debug|x86 = Debug|x86
		Release|x64 = Release|x64
		Release|x86 = Release|x86
	EndGlobalSection
	GlobalSection(ProjectConfigurationPlatforms) = postSolution
		{7E772BBF-C26A-4B36-A8C5-280BCF624761}.Debug|x64.ActiveCfg = Debug|x64
		{7E772BBF-C26A-4B36-A8C5-280BCF624761}.Debug|x64.Build.0 = Debug|x64
		{7E772BBF-C26A-4B36-A8C5-280BCF624761}.Debug|x86.ActiveCfg = Debug|Win32
		{7E772BBF-C26A-4B36-A8C5-280BCF624761}.Debug|x86.Build.0 = Debug|Win32
		{7E772BBF-C26A-4B36-A8C5-280BCF624761}.Release|x64.ActiveCfg = Release|x64
		{7E772BBF-C26A-4B36-A8C5-280BCF624761}.Release|x64.Build.0 = Release|x64
		{7E772BBF-C26A-4B36-A8C5-280BCF624761}.Release|x86.ActiveCfg = Release|Win32
		{7E772BBF-C26A-4B36-A8C5-280BCF624761}.Release|x86.Build.0 = Release|Win32
		{AB5A2130-4C4E-4C63-A947-D97BC3D3B67B}.Debug|x64.ActiveCfg = Debug|x64
		{AB5A2130-4C4E-4C63-A947-D97BC3D3B67B}.Debug|x64.Build.0 = Debug|x64
		{AB5A2130-4C4E-4C63-A947-D97BC3D3B67B}.Debug|x86.ActiveCfg = Debug|Win32
		{AB5A2130-4C4E-4C63-A947-D97BC3D3B67B}.Debug|x86.Build.0 = Debug|Win32
		{AB5A2130-4C4E-4C63-A947-D97BC3D3B67B}.Release|x64.ActiveCfg = Release|x64
		{AB5A2130-4C4E-4C63-A947-D97BC3D3B67B}.Release|x64.Build.0 = Release|x64
		{AB5A2130-4C4E-4C63-A947-D97BC3D3B67B}.Release|x86.ActiveCfg = Release|Win32
		{AB5A2130-4C4E-4C63-A947-D97BC3D3B67B}.Release|x86.Build.0 = Release|Win32
		{F0250190-DC17-4D5B-B901-468320401A7A}.Debug|x64.ActiveCfg = Debug|x64
		{F0250190-DC17-4D5B-B901-468320401A7A}.Debug|x64.Build.0 = Debug|x64
		{F0250190-DC17-4D5B-B901-468320401A7A}.Debug|x86.ActiveCfg = Debug|Win32
		{F0250190-DC17-4D5B-B901-468320401A7A}.Debug|x86.Build.0 = Debug|Win32
		{F0250190-DC17-4D5B-B901-468320401A7A}.Release|x64.ActiveCfg = Release|x64
		{F0250190-DC17-4D5B-B901-468320401A7A}.Release|x64.Build.0 = Release|x64
		{F0250190-DC17-4D5B-B901-468320401A7A}.Release|x86.ActiveCfg = Release|Win32
		{F0250190-DC17-4D5B-B901-468320401A7A}.Release|x86.Build.0 = Release|Win32
		{B386A279-C8CD-442D-B5CE-A8FC22180A35}.Debug|x64.ActiveCfg = Debug|x64
		{B386A279-C8CD-442D-B5CE-A8FC22180A35}.Debug|x64.Build.0 = Debug|x64
		{B386A279-C8CD-442D-B5CE-A8FC22180A35}.Debug|x86.ActiveCfg = Debug|Win32
		{B386A279-C8CD-442D-B5CE-A8FC22180A35}.Debug|x86.Build.0 = Debug|Win32
		{B386A279-C8CD-442D-B5CE-A8FC22180A35}.Release|x64.ActiveCfg = Release|x64
		{B386A279-C8CD-442D-B5CE-A8FC22180A35}.Release|x64.Build.0 = Release|x64
		{B386A279-C8CD-442D-B5CE-A8FC22180A35}.Release|x86.ActiveCfg = Release|Win32
		{B386A279-C8CD-442D-B5CE-A8FC22180A35}.Release|x86.Build.0 = Release|Win32
		{5277A362-A52C-4245-A97A-97AD94730409}.Debug|x64.ActiveCfg = Debug|x64
		{5277A362-A52C-4245-A97A-97AD94730409}.Debug|x64.Build.0 = Debug|x64
		{5277A362-A52C-4245-A97A-97AD94730409}.Debug|x86.ActiveCfg = Debug|Win32
		{5277A362-A52C-4245-A97A-97AD94730409}.Debug|x86.Build.0 = Debug|Win32
		{5277A362-A52C-4245-A97A-97AD94730409}.Release|x64.ActiveCfg = Release|x64
		{5277A362-A52C-4245-A97A-97AD94730409}.Release|x64.Build.0 = Release|x64
		{5277A362-A52C-4245-A97A-97AD94730409}.Release|x86.ActiveCfg = Release|Win32
		{5277A362-A52C-4245-A97A-97AD94730409}.Release|x86.Build.0 = Release|Win32
		{95F190ED-DB82-4B69-A89D-6C46EF0D4F56}.Debug|x64.ActiveCfg = Debug|x64
		{95F190ED-DB82-4B69-A89D-6C46EF0D4F56}.Debug|x64.Build.0 = Debug|x64
		{95F190ED-DB82-4B69-A89D-6C46EF0D4F56}.Debug|x86.ActiveCfg = Debug|Win32
		{95F190ED-DB82-4B69-A89D-6C46EF0D4F56}.Debug|x86.Build.0 = Debug|Win32
		{95F190ED-DB82-4B69-A89D-6C46EF0D4F56}.Release|x64.ActiveCfg = Release|x64
		{95F190ED-DB82-4B69-A89D-6C46EF0D4F56}.Release|x64.Build.0 = Release|x64
		{95F190ED-DB82-4B69-A89D-6C46EF0D4F56}.Release|x86.ActiveCfg = Release|Win32
		{95F190ED-DB82-4B69-A89D-6C46EF0D4F56}.Release|x86.Build.0 = Release|Win32
	EndGlobalSection
	GlobalSection(SolutionProperties) = preSolution
		HideSolutionNode = FALSE
	EndGlobalSection
	GlobalSection(ExtensibilityGlobals) = postSolution
		SolutionGuid = {2484C8E4-EF99-4EBE-B860-B86DA6AA9E42}
	EndGlobalSection
EndGlobal
